
Microsoft Visual Studio Solution File, Format Version 12.00
# Visual Studio Version 17
VisualStudioVersion = 17.13.35931.197 d17.13
MinimumVisualStudioVersion = 10.0.40219.1
Project("{FAE04EC0-301F-11D3-BF4B-00C04F79EFBC}") = "Demo_VisionMaster", "Demo_VisionMaster\Demo_VisionMaster.csproj", "{026BBE74-E908-4622-BD13-39EEB4008443}"
EndProject
Global
	GlobalSection(SolutionConfigurationPlatforms) = preSolution
		Debug|Any CPU = Debug|Any CPU
		Debug|x64 = Debug|x64
		Release|Any CPU = Release|Any CPU
		Release|x64 = Release|x64
	EndGlobalSection
	GlobalSection(ProjectConfigurationPlatforms) = postSolution
		{026BBE74-E908-4622-BD13-39EEB4008443}.Debug|Any CPU.ActiveCfg = Debug|Any CPU
		{026BBE74-E908-4622-BD13-39EEB4008443}.Debug|Any CPU.Build.0 = Debug|Any CPU
		{026BBE74-E908-4622-BD13-39EEB4008443}.Debug|x64.ActiveCfg = Debug|x64
		{026BBE74-E908-4622-BD13-39EEB4008443}.Debug|x64.Build.0 = Debug|x64
		{026BBE74-E908-4622-BD13-39EEB4008443}.Release|Any CPU.ActiveCfg = Release|Any CPU
		{026BBE74-E908-4622-BD13-39EEB4008443}.Release|Any CPU.Build.0 = Release|Any CPU
		{026BBE74-E908-4622-BD13-39EEB4008443}.Release|x64.ActiveCfg = Release|x64
		{026BBE74-E908-4622-BD13-39EEB4008443}.Release|x64.Build.0 = Release|x64
	EndGlobalSection
	GlobalSection(SolutionProperties) = preSolution
		HideSolutionNode = FALSE
	EndGlobalSection
	GlobalSection(ExtensibilityGlobals) = postSolution
		SolutionGuid = {C953AE4B-5134-4DBC-82A5-4CD24AEB7275}
	EndGlobalSection
EndGlobal
